lockfileVersion: 5.3

specifiers:
  '@gluons/prettier-config': ^2.0.0
  '@types/node': ^8.3
  '@types/webpack': ^5.0.0
  prettier: ^2.0.0
  pug: ^2.0.3
  pug-loader: ^2.4.0
  pug-plain-loader: ^1.0.0
  rimraf: ^3.0.0
  tsconfig-gluons: ^1.0.1
  tslint: ^6.0.0
  tslint-config-gluons: ^2.1.0
  typescript: ^3.3.3333
  webpack-chain: ^6.0.0

dependencies:
  pug-loader: 2.4.0_pug@2.0.4
  pug-plain-loader: 1.0.0_pug@2.0.4

devDependencies:
  '@gluons/prettier-config': 2.0.0_prettier@2.0.0
  '@types/node': 8.10.53
  '@types/webpack': 5.28.0
  prettier: 2.0.0
  pug: 2.0.4
  rimraf: 3.0.0
  tsconfig-gluons: 1.0.1_typescript@3.6.2
  tslint: 6.1.0_typescript@3.6.2
  tslint-config-gluons: 2.1.0_tslint@6.1.0
  typescript: 3.6.2
  webpack-chain: 6.0.0

packages:

  /@babel/code-frame/7.8.3:
    resolution: {integrity: sha512-a9gxpmdXtZEInkCSHUJDLHZVBgb1QS0jhss4cPP93EW7s+uC5bikET2twEF3KV+7rDblJcmNvTR7VJejqd2C2g==}
    dependencies:
      '@babel/highlight': 7.8.3
    dev: true

  /@babel/highlight/7.8.3:
    resolution: {integrity: sha512-PX4y5xQUvy0fnEVHrYOarRPXVWafSjTW9T0Hab8gVIawpl2Sj0ORyrygANq+KjcNlSSTw0YCLSNA8OyZ1I4yEg==}
    dependencies:
      chalk: 2.4.2
      esutils: 2.0.3
      js-tokens: 4.0.0
    dev: true

  /@gluons/prettier-config/2.0.0_prettier@2.0.0:
    resolution: {integrity: sha512-JFcGcVxJZsRENdmRXzthYSq0lFaWitQ150K3BW0nD7ye5n3hRNmS0tHaO/Sw+lxZTf3YL0i1CNbjI0Gf0Zl0UQ==}
    peerDependencies:
      prettier: '1'
    dependencies:
      prettier: 2.0.0
    dev: true

  /@types/babel-types/7.0.7:
    resolution: {integrity: sha512-dBtBbrc+qTHy1WdfHYjBwRln4+LWqASWakLHsWHR2NWHIFkv4W3O070IGoGLEBrJBvct3r0L1BUPuvURi7kYUQ==}
    dev: true

  /@types/babylon/6.16.5:
    resolution: {integrity: sha512-xH2e58elpj1X4ynnKp9qSnWlsRTIs6n3tgLGNfwAGHwePw0mulHQllV34n0T25uYSu1k0hRKkWXF890B1yS47w==}
    dependencies:
      '@types/babel-types': 7.0.7
    dev: true

  /@types/eslint-scope/3.7.0:
    resolution: {integrity: sha512-O/ql2+rrCUe2W2rs7wMR+GqPRcgB6UiqN5RhrR5xruFlY7l9YLMn0ZkDzjoHLeiFkR8MCQZVudUuuvQ2BLC9Qw==}
    dependencies:
      '@types/eslint': 7.2.10
      '@types/estree': 0.0.47
    dev: true

  /@types/eslint/7.2.10:
    resolution: {integrity: sha512-kUEPnMKrqbtpCq/KTaGFFKAcz6Ethm2EjCoKIDaCmfRBWLbFuTcOJfTlorwbnboXBzahqWLgUp1BQeKHiJzPUQ==}
    dependencies:
      '@types/estree': 0.0.47
      '@types/json-schema': 7.0.7
    dev: true

  /@types/estree/0.0.47:
    resolution: {integrity: sha512-c5ciR06jK8u9BstrmJyO97m+klJrrhCf9u3rLu3DEAJBirxRqSCvDQoYKmxuYwQI5SZChAWu+tq9oVlGRuzPAg==}
    dev: true

  /@types/json-schema/7.0.7:
    resolution: {integrity: sha512-cxWFQVseBm6O9Gbw1IWb8r6OS4OhSt3hPZLkFApLjM8TEXROBuQGLAH2i2gZpcXdLBIrpXuTDhH7Vbm1iXmNGA==}
    dev: true

  /@types/node/8.10.53:
    resolution: {integrity: sha512-aOmXdv1a1/vYUn1OT1CED8ftbkmmYbKhKGSyMDeJiidLvKRKvZUQOdXwG/wcNY7T1Qb0XTlVdiYjIq00U7pLrQ==}
    dev: true

  /@types/webpack/5.28.0:
    resolution: {integrity: sha512-8cP0CzcxUiFuA9xGJkfeVpqmWTk9nx6CWwamRGCj95ph1SmlRRk9KlCZ6avhCbZd4L68LvYT6l1kpdEnQXrF8w==}
    dependencies:
      '@types/node': 8.10.53
      tapable: 2.2.0
      webpack: 5.37.0
    transitivePeerDependencies:
      - webpack-cli
    dev: true

  /@webassemblyjs/ast/1.11.0:
    resolution: {integrity: sha512-kX2W49LWsbthrmIRMbQZuQDhGtjyqXfEmmHyEi4XWnSZtPmxY0+3anPIzsnRb45VH/J55zlOfWvZuY47aJZTJg==}
    dependencies:
      '@webassemblyjs/helper-numbers': 1.11.0
      '@webassemblyjs/helper-wasm-bytecode': 1.11.0
    dev: true

  /@webassemblyjs/floating-point-hex-parser/1.11.0:
    resolution: {integrity: sha512-Q/aVYs/VnPDVYvsCBL/gSgwmfjeCb4LW8+TMrO3cSzJImgv8lxxEPM2JA5jMrivE7LSz3V+PFqtMbls3m1exDA==}
    dev: true

  /@webassemblyjs/helper-api-error/1.11.0:
    resolution: {integrity: sha512-baT/va95eXiXb2QflSx95QGT5ClzWpGaa8L7JnJbgzoYeaA27FCvuBXU758l+KXWRndEmUXjP0Q5fibhavIn8w==}
    dev: true

  /@webassemblyjs/helper-buffer/1.11.0:
    resolution: {integrity: sha512-u9HPBEl4DS+vA8qLQdEQ6N/eJQ7gT7aNvMIo8AAWvAl/xMrcOSiI2M0MAnMCy3jIFke7bEee/JwdX1nUpCtdyA==}
    dev: true

  /@webassemblyjs/helper-numbers/1.11.0:
    resolution: {integrity: sha512-DhRQKelIj01s5IgdsOJMKLppI+4zpmcMQ3XboFPLwCpSNH6Hqo1ritgHgD0nqHeSYqofA6aBN/NmXuGjM1jEfQ==}
    dependencies:
      '@webassemblyjs/floating-point-hex-parser': 1.11.0
      '@webassemblyjs/helper-api-error': 1.11.0
      '@xtuc/long': 4.2.2
    dev: true

  /@webassemblyjs/helper-wasm-bytecode/1.11.0:
    resolution: {integrity: sha512-MbmhvxXExm542tWREgSFnOVo07fDpsBJg3sIl6fSp9xuu75eGz5lz31q7wTLffwL3Za7XNRCMZy210+tnsUSEA==}
    dev: true

  /@webassemblyjs/helper-wasm-section/1.11.0:
    resolution: {integrity: sha512-3Eb88hcbfY/FCukrg6i3EH8H2UsD7x8Vy47iVJrP967A9JGqgBVL9aH71SETPx1JrGsOUVLo0c7vMCN22ytJew==}
    dependencies:
      '@webassemblyjs/ast': 1.11.0
      '@webassemblyjs/helper-buffer': 1.11.0
      '@webassemblyjs/helper-wasm-bytecode': 1.11.0
      '@webassemblyjs/wasm-gen': 1.11.0
    dev: true

  /@webassemblyjs/ieee754/1.11.0:
    resolution: {integrity: sha512-KXzOqpcYQwAfeQ6WbF6HXo+0udBNmw0iXDmEK5sFlmQdmND+tr773Ti8/5T/M6Tl/413ArSJErATd8In3B+WBA==}
    dependencies:
      '@xtuc/ieee754': 1.2.0
    dev: true

  /@webassemblyjs/leb128/1.11.0:
    resolution: {integrity: sha512-aqbsHa1mSQAbeeNcl38un6qVY++hh8OpCOzxhixSYgbRfNWcxJNJQwe2rezK9XEcssJbbWIkblaJRwGMS9zp+g==}
    dependencies:
      '@xtuc/long': 4.2.2
    dev: true

  /@webassemblyjs/utf8/1.11.0:
    resolution: {integrity: sha512-A/lclGxH6SpSLSyFowMzO/+aDEPU4hvEiooCMXQPcQFPPJaYcPQNKGOCLUySJsYJ4trbpr+Fs08n4jelkVTGVw==}
    dev: true

  /@webassemblyjs/wasm-edit/1.11.0:
    resolution: {integrity: sha512-JHQ0damXy0G6J9ucyKVXO2j08JVJ2ntkdJlq1UTiUrIgfGMmA7Ik5VdC/L8hBK46kVJgujkBIoMtT8yVr+yVOQ==}
    dependencies:
      '@webassemblyjs/ast': 1.11.0
      '@webassemblyjs/helper-buffer': 1.11.0
      '@webassemblyjs/helper-wasm-bytecode': 1.11.0
      '@webassemblyjs/helper-wasm-section': 1.11.0
      '@webassemblyjs/wasm-gen': 1.11.0
      '@webassemblyjs/wasm-opt': 1.11.0
      '@webassemblyjs/wasm-parser': 1.11.0
      '@webassemblyjs/wast-printer': 1.11.0
    dev: true

  /@webassemblyjs/wasm-gen/1.11.0:
    resolution: {integrity: sha512-BEUv1aj0WptCZ9kIS30th5ILASUnAPEvE3tVMTrItnZRT9tXCLW2LEXT8ezLw59rqPP9klh9LPmpU+WmRQmCPQ==}
    dependencies:
      '@webassemblyjs/ast': 1.11.0
      '@webassemblyjs/helper-wasm-bytecode': 1.11.0
      '@webassemblyjs/ieee754': 1.11.0
      '@webassemblyjs/leb128': 1.11.0
      '@webassemblyjs/utf8': 1.11.0
    dev: true

  /@webassemblyjs/wasm-opt/1.11.0:
    resolution: {integrity: sha512-tHUSP5F4ywyh3hZ0+fDQuWxKx3mJiPeFufg+9gwTpYp324mPCQgnuVKwzLTZVqj0duRDovnPaZqDwoyhIO8kYg==}
    dependencies:
      '@webassemblyjs/ast': 1.11.0
      '@webassemblyjs/helper-buffer': 1.11.0
      '@webassemblyjs/wasm-gen': 1.11.0
      '@webassemblyjs/wasm-parser': 1.11.0
    dev: true

  /@webassemblyjs/wasm-parser/1.11.0:
    resolution: {integrity: sha512-6L285Sgu9gphrcpDXINvm0M9BskznnzJTE7gYkjDbxET28shDqp27wpruyx3C2S/dvEwiigBwLA1cz7lNUi0kw==}
    dependencies:
      '@webassemblyjs/ast': 1.11.0
      '@webassemblyjs/helper-api-error': 1.11.0
      '@webassemblyjs/helper-wasm-bytecode': 1.11.0
      '@webassemblyjs/ieee754': 1.11.0
      '@webassemblyjs/leb128': 1.11.0
      '@webassemblyjs/utf8': 1.11.0
    dev: true

  /@webassemblyjs/wast-printer/1.11.0:
    resolution: {integrity: sha512-Fg5OX46pRdTgB7rKIUojkh9vXaVN6sGYCnEiJN1GYkb0RPwShZXp6KTDqmoMdQPKhcroOXh3fEzmkWmCYaKYhQ==}
    dependencies:
      '@webassemblyjs/ast': 1.11.0
      '@xtuc/long': 4.2.2
    dev: true

  /@xtuc/ieee754/1.2.0:
    resolution: {integrity: sha512-DX8nKgqcGwsc0eJSqYt5lwP4DH5FlHnmuWWBRy7X0NcaGR0ZtuyeESgMwTYVEtxmsNGY+qit4QYT/MIYTOTPeA==}
    dev: true

  /@xtuc/long/4.2.2:
    resolution: {integrity: sha512-NuHqBY1PB/D8xU6s/thBgOAiAP7HOYDQ32+BFZILJ8ivkUkAHQnWfn6WhL79Owj1qmUnoN/YPhktdIoucipkAQ==}
    dev: true

  /acorn-globals/3.1.0:
    resolution: {integrity: sha1-/YJw9x+7SZawBPqIDuXUZXOnMb8=}
    dependencies:
      acorn: 4.0.13
    dev: true

  /acorn/3.3.0:
    resolution: {integrity: sha1-ReN/s56No/JbruP/U2niu18iAXo=}
    engines: {node: '>=0.4.0'}
    hasBin: true
    dev: true

  /acorn/4.0.13:
    resolution: {integrity: sha1-EFSVrlNh1pe9GVyCUZLhrX8lN4c=}
    engines: {node: '>=0.4.0'}
    hasBin: true
    dev: true

  /acorn/8.2.4:
    resolution: {integrity: sha512-Ibt84YwBDDA890eDiDCEqcbwvHlBvzzDkU2cGBBDDI1QWT12jTiXIOn2CIw5KK4i6N5Z2HUxwYjzriDyqaqqZg==}
    engines: {node: '>=0.4.0'}
    hasBin: true
    dev: true

  /ajv-keywords/3.5.2_ajv@6.12.6:
    resolution: {integrity: sha512-5p6WTN0DdTGVQk6VjcEju19IgaHudalcfabD7yhDGeA6bcQnmL+CpveLJq/3hvfwd1aof6L386Ougkx6RfyMIQ==}
    peerDependencies:
      ajv: ^6.9.1
    dependencies:
      ajv: 6.12.6
    dev: true

  /ajv/6.12.6:
    resolution: {integrity: sha512-j3fVLgvTo527anyYyJOGTYJbG+vnnQYvE0m5mmkc1TK+nxAppkCLMIL0aZ4dblVCNoGShhm+kzE4ZUykBoMg4g==}
    dependencies:
      fast-deep-equal: 3.1.3
      fast-json-stable-stringify: 2.1.0
      json-schema-traverse: 0.4.1
      uri-js: 4.4.1
    dev: true

  /align-text/0.1.4:
    resolution: {integrity: sha1-DNkKVhCT810KmSVsIrcGlDP60Rc=}
    engines: {node: '>=0.10.0'}
    dependencies:
      kind-of: 3.2.2
      longest: 1.0.1
      repeat-string: 1.6.1
    dev: true

  /ansi-styles/3.2.1:
    resolution: {integrity: sha512-VT0ZI6kZRdTh8YyJw3SMbYm/u+NqfsAxEpWO0Pf9sq8/e94WxxOpPKx9FR1FlyCtOVDNOQ+8ntlqFxiRc+r5qA==}
    engines: {node: '>=4'}
    dependencies:
      color-convert: 1.9.3
    dev: true

  /argparse/1.0.10:
    resolution: {integrity: sha512-o5Roy6tNG4SL/FOkCAN6RzjiakZS25RLYFrcMttJqbdd8BWrnA+fGz57iN5Pb06pvBGvl5gQ0B48dJlslXvoTg==}
    dependencies:
      sprintf-js: 1.0.3
    dev: true

  /asap/2.0.6:
    resolution: {integrity: sha1-5QNHYR1+aQlDIIu9r+vLwvuGbUY=}
    dev: true

  /babel-runtime/6.26.0:
    resolution: {integrity: sha1-llxwWGaOgrVde/4E/yM3vItWR/4=}
    dependencies:
      core-js: 2.6.9
      regenerator-runtime: 0.11.1
    dev: true

  /babel-types/6.26.0:
    resolution: {integrity: sha1-o7Bz+Uq0nrb6Vc1lInozQ4BjJJc=}
    dependencies:
      babel-runtime: 6.26.0
      esutils: 2.0.3
      lodash: 4.17.15
      to-fast-properties: 1.0.3
    dev: true

  /babylon/6.18.0:
    resolution: {integrity: sha512-q/UEjfGJ2Cm3oKV71DJz9d25TPnq5rhBVL2Q4fA5wcC3jcrdn7+SssEybFIxwAvvP+YCsCYNKughoF33GxgycQ==}
    hasBin: true
    dev: true

  /balanced-match/1.0.0:
    resolution: {integrity: sha1-ibTRmasr7kneFk6gK4nORi1xt2c=}
    dev: true

  /big.js/5.2.2:
    resolution: {integrity: sha512-vyL2OymJxmarO8gxMr0mhChsO9QGwhynfuu4+MHTAW6czfq9humCB7rKpUjDd9YUiDPU4mzpyupFSvOClAwbmQ==}
    dev: false

  /brace-expansion/1.1.11:
    resolution: {integrity: sha512-iCuPHDFgrHX7H2vEI/5xpz07zSHB00TpugqhmYtVmMO6518mCuRMoOYFldEBl0g187ufozdaHgWKcYFb61qGiA==}
    dependencies:
      balanced-match: 1.0.0
      concat-map: 0.0.1
    dev: true

  /browserslist/4.16.6:
    resolution: {integrity: sha512-Wspk/PqO+4W9qp5iUTJsa1B/QrYn1keNCcEP5OvP7WBwT4KaDly0uONYmC6Xa3Z5IqnUgS0KcgLYu1l74x0ZXQ==}
    engines: {node: ^6 || ^7 || ^8 || ^9 || ^10 || ^11 || ^12 || >=13.7}
    hasBin: true
    dependencies:
      caniuse-lite: 1.0.30001228
      colorette: 1.2.2
      electron-to-chromium: 1.3.728
      escalade: 3.1.1
      node-releases: 1.1.72
    dev: true

  /buffer-from/1.1.1:
    resolution: {integrity: sha512-MQcXEUbCKtEo7bhqEs6560Hyd4XaovZlO/k9V3hjVUF/zwW7KBVdSK4gIt/bzwS9MbR5qob+F5jusZsb0YQK2A==}
    dev: true

  /builtin-modules/1.1.1:
    resolution: {integrity: sha1-Jw8HbFpywC9bZaR9+Uxf46J4iS8=}
    engines: {node: '>=0.10.0'}
    dev: true

  /camelcase/1.2.1:
    resolution: {integrity: sha1-m7UwTS4LVmmLLHWLCKPqqdqlijk=}
    engines: {node: '>=0.10.0'}
    dev: true

  /caniuse-lite/1.0.30001228:
    resolution: {integrity: sha512-QQmLOGJ3DEgokHbMSA8cj2a+geXqmnpyOFT0lhQV6P3/YOJvGDEwoedcwxEQ30gJIwIIunHIicunJ2rzK5gB2A==}
    dev: true

  /center-align/0.1.3:
    resolution: {integrity: sha1-qg0yYptu6XIgBBHL1EYckHvCt60=}
    engines: {node: '>=0.10.0'}
    dependencies:
      align-text: 0.1.4
      lazy-cache: 1.0.4
    dev: true

  /chalk/2.4.2:
    resolution: {integrity: sha512-Mti+f9lpJNcwF4tWV8/OrTTtF1gZi+f8FqlyAdouralcFWFQWF2+NgCHShjkCb+IFBLq9buZwE1xckQU4peSuQ==}
    engines: {node: '>=4'}
    dependencies:
      ansi-styles: 3.2.1
      escape-string-regexp: 1.0.5
      supports-color: 5.5.0
    dev: true

  /character-parser/2.2.0:
    resolution: {integrity: sha1-x84o821LzZdE5f/CxfzeHHMmH8A=}
    dependencies:
      is-regex: 1.0.4
    dev: true

  /chrome-trace-event/1.0.3:
    resolution: {integrity: sha512-p3KULyQg4S7NIHixdwbGX+nFHkoBiA4YQmyWtjb8XngSKV124nJmRysgAeujbUVb15vh+RvFUfCPqU7rXk+hZg==}
    engines: {node: '>=6.0'}
    dev: true

  /clean-css/4.2.1:
    resolution: {integrity: sha512-4ZxI6dy4lrY6FHzfiy1aEOXgu4LIsW2MhwG0VBKdcoGoH/XLFgaHSdLTGr4O8Be6A8r3MOphEiI8Gc1n0ecf3g==}
    engines: {node: '>= 4.0'}
    dependencies:
      source-map: 0.6.1
    dev: true

  /cliui/2.1.0:
    resolution: {integrity: sha1-S0dXYP+AJkx2LDoXGQMukcf+oNE=}
    dependencies:
      center-align: 0.1.3
      right-align: 0.1.3
      wordwrap: 0.0.2
    dev: true

  /color-convert/1.9.3:
    resolution: {integrity: sha512-QfAUtd+vFdAtFQcC8CCyYt1fYWxSqAiK2cSD6zDB8N3cpsEBAvRxp9zOGg6G/SHHJYAT88/az/IuDGALsNVbGg==}
    dependencies:
      color-name: 1.1.3
    dev: true

  /color-name/1.1.3:
    resolution: {integrity: sha1-p9BVi9icQveV3UIyj3QIMcpTvCU=}
    dev: true

  /colorette/1.2.2:
    resolution: {integrity: sha512-MKGMzyfeuutC/ZJ1cba9NqcNpfeqMUcYmyF1ZFY6/Cn7CNSAKx6a+s48sqLqyAiZuaP2TcqMhoo+dlwFnVxT9w==}
    dev: true

  /commander/2.20.3:
    resolution: {integrity: sha512-GpVkmM8vF2vQUkj2LvZmD35JxeJOLCwJ9cUkugyk2nuhbv3+mJvpLYYt+0+USMxE+oj+ey/lJEnhZw75x/OMcQ==}
    dev: true

  /concat-map/0.0.1:
    resolution: {integrity: sha1-2Klr13/Wjfd5OnMDajug1UBdR3s=}
    dev: true

  /constantinople/3.1.2:
    resolution: {integrity: sha512-yePcBqEFhLOqSBtwYOGGS1exHo/s1xjekXiinh4itpNQGCu4KA1euPh1fg07N2wMITZXQkBz75Ntdt1ctGZouw==}
    dependencies:
      '@types/babel-types': 7.0.7
      '@types/babylon': 6.16.5
      babel-types: 6.26.0
      babylon: 6.18.0
    dev: true

  /core-js/2.6.9:
    resolution: {integrity: sha512-HOpZf6eXmnl7la+cUdMnLvUxKNqLUzJvgIziQ0DiF3JwSImNphIqdGqzj6hIKyX04MmV0poclQ7+wjWvxQyR2A==}
    requiresBuild: true
    dev: true

  /decamelize/1.2.0:
    resolution: {integrity: sha1-9lNNFRSCabIDUue+4m9QH5oZEpA=}
    engines: {node: '>=0.10.0'}
    dev: true

  /deepmerge/1.5.2:
    resolution: {integrity: sha512-95k0GDqvBjZavkuvzx/YqVLv/6YYa17fz6ILMSf7neqQITCPbnfEnQvEgMPNjH4kgobe7+WIL0yJEHku+H3qtQ==}
    engines: {node: '>=0.10.0'}
    dev: true

  /diff/4.0.2:
    resolution: {integrity: sha512-58lmxKSA4BNyLz+HHMUzlOEpg09FV+ev6ZMe3vJihgdxzgcwZ8VoEEPmALCZG9LmqfVoNMMKpttIYTVG6uDY7A==}
    engines: {node: '>=0.3.1'}
    dev: true

  /doctypes/1.1.0:
    resolution: {integrity: sha1-6oCxBqh1OHdOijpKWv4pPeSJ4Kk=}
    dev: true

  /electron-to-chromium/1.3.728:
    resolution: {integrity: sha512-SHv4ziXruBpb1Nz4aTuqEHBYi/9GNCJMYIJgDEXrp/2V01nFXMNFUTli5Z85f5ivSkioLilQatqBYFB44wNJrA==}
    dev: true

  /emojis-list/2.1.0:
    resolution: {integrity: sha1-TapNnbAPmBmIDHn6RXrlsJof04k=}
    engines: {node: '>= 0.10'}
    dev: false

  /enhanced-resolve/5.8.2:
    resolution: {integrity: sha512-F27oB3WuHDzvR2DOGNTaYy0D5o0cnrv8TeI482VM4kYgQd/FT9lUQwuNsJ0oOHtBUq7eiW5ytqzp7nBFknL+GA==}
    engines: {node: '>=10.13.0'}
    dependencies:
      graceful-fs: 4.2.6
      tapable: 2.2.0
    dev: true

  /es-module-lexer/0.4.1:
    resolution: {integrity: sha512-ooYciCUtfw6/d2w56UVeqHPcoCFAiJdz5XOkYpv/Txl1HMUozpXjz/2RIQgqwKdXNDPSF1W7mJCFse3G+HDyAA==}
    dev: true

  /escalade/3.1.1:
    resolution: {integrity: sha512-k0er2gUkLf8O0zKJiAhmkTnJlTvINGv7ygDNPbeIsX/TJjGJZHuh9B2UxbsaEkmlEo9MfhrSzmhIlhRlI2GXnw==}
    engines: {node: '>=6'}
    dev: true

  /escape-string-regexp/1.0.5:
    resolution: {integrity: sha1-G2HAViGQqN/2rjuyzwIAyhMLhtQ=}
    engines: {node: '>=0.8.0'}
    dev: true

  /eslint-scope/5.1.1:
    resolution: {integrity: sha512-2NxwbF/hZ0KpepYN0cNbo+FN6XoK7GaHlQhgx/hIZl6Va0bF45RQOOwhLIy8lQDbuCiadSLCBnH2CFYquit5bw==}
    engines: {node: '>=8.0.0'}
    dependencies:
      esrecurse: 4.3.0
      estraverse: 4.3.0
    dev: true

  /esprima/4.0.1:
    resolution: {integrity: sha512-eGuFFw7Upda+g4p+QHvnW0RyTX/SVeJBDM/gCtMARO0cLuT2HcEKnTPvhjV6aGeqrCB/sbNop0Kszm0jsaWU4A==}
    engines: {node: '>=4'}
    hasBin: true
    dev: true

  /esrecurse/4.3.0:
    resolution: {integrity: sha512-KmfKL3b6G+RXvP8N1vr3Tq1kL/oCFgn2NYXEtqP8/L3pKapUA4G8cFVaoF3SU323CD4XypR/ffioHmkti6/Tag==}
    engines: {node: '>=4.0'}
    dependencies:
      estraverse: 5.2.0
    dev: true

  /estraverse/4.3.0:
    resolution: {integrity: sha512-39nnKffWz8xN1BU/2c79n9nB9HDzo0niYUqx6xyqUnyoAnQyyWpOTdZEeiCch8BBu515t4wp9ZmgVfVhn9EBpw==}
    engines: {node: '>=4.0'}
    dev: true

  /estraverse/5.2.0:
    resolution: {integrity: sha512-BxbNGGNm0RyRYvUdHpIwv9IWzeM9XClbOxwoATuFdOE7ZE6wHL+HQ5T8hoPM+zHvmKzzsEqhgy0GrQ5X13afiQ==}
    engines: {node: '>=4.0'}
    dev: true

  /esutils/2.0.3:
    resolution: {integrity: sha512-kVscqXk4OCp68SZ0dkgEKVi6/8ij300KBWTJq32P/dYeWTSwK41WyTxalN1eRmA5Z9UU/LX9D7FWSmV9SAYx6g==}
    engines: {node: '>=0.10.0'}
    dev: true

  /events/3.3.0:
    resolution: {integrity: sha512-mQw+2fkQbALzQ7V0MY0IqdnXNOeTtP4r0lN9z7AAawCXgqea7bDii20AYrIBrFd/Hx0M2Ocz6S111CaFkUcb0Q==}
    engines: {node: '>=0.8.x'}
    dev: true

  /fast-deep-equal/3.1.3:
    resolution: {integrity: sha512-f3qQ9oQy9j2AhBe/H9VC91wLmKBCCU/gDOnKNAYG5hswO7BLKj09Hc5HYNz9cGI++xlpDCIgDaitVs03ATR84Q==}
    dev: true

  /fast-json-stable-stringify/2.1.0:
    resolution: {integrity: sha512-lhd/wF+Lk98HZoTCtlVraHtfh5XYijIjalXck7saUtuanSDyLMxnHhSXEDJqHxD7msR8D0uCmqlkwjCV8xvwHw==}
    dev: true

  /fs.realpath/1.0.0:
    resolution: {integrity: sha1-FQStJSMVjKpA20onh8sBQRmU6k8=}
    dev: true

  /function-bind/1.1.1:
    resolution: {integrity: sha512-yIovAzMX49sF8Yl58fSCWJ5svSLuaibPxXQJFLmBObTuCr0Mf1KiPopGM9NiFjiYBCbfaa2Fh6breQ6ANVTI0A==}
    dev: true

  /glob-to-regexp/0.4.1:
    resolution: {integrity: sha512-lkX1HJXwyMcprw/5YUZc2s7DrpAiHB21/V+E1rHUrVNokkvB6bqMzT0VfV6/86ZNabt1k14YOIaT7nDvOX3Iiw==}
    dev: true

  /glob/7.1.4:
    resolution: {integrity: sha512-hkLPepehmnKk41pUGm3sYxoFs/umurYfYJCerbXEyFIWcAzvpipAgVkBqqT9RBKMGjnq6kMuyYwha6csxbiM1A==}
    dependencies:
      fs.realpath: 1.0.0
      inflight: 1.0.6
      inherits: 2.0.4
      minimatch: 3.0.4
      once: 1.4.0
      path-is-absolute: 1.0.1
    dev: true

  /glob/7.1.6:
    resolution: {integrity: sha512-LwaxwyZ72Lk7vZINtNNrywX0ZuLyStrdDtabefZKAY5ZGJhVtgdznluResxNmPitE0SAO+O26sWTHeKSI2wMBA==}
    dependencies:
      fs.realpath: 1.0.0
      inflight: 1.0.6
      inherits: 2.0.4
      minimatch: 3.0.4
      once: 1.4.0
      path-is-absolute: 1.0.1
    dev: true

  /graceful-fs/4.2.6:
    resolution: {integrity: sha512-nTnJ528pbqxYanhpDYsi4Rd8MAeaBA67+RZ10CM1m3bTAVFEDcd5AuA4a6W5YkGZ1iNXHzZz8T6TBKLeBuNriQ==}
    dev: true

  /has-flag/3.0.0:
    resolution: {integrity: sha1-tdRU3CGZriJWmfNGfloH87lVuv0=}
    engines: {node: '>=4'}
    dev: true

  /has-flag/4.0.0:
    resolution: {integrity: sha512-EykJT/Q1KjTWctppgIAgfSO0tKVuZUjhgMr17kqTumMl6Afv3EISleU7qZUzoXDFTAHTDC4NOoG/ZxU3EvlMPQ==}
    engines: {node: '>=8'}
    dev: true

  /has/1.0.3:
    resolution: {integrity: sha512-f2dvO0VU6Oej7RkWJGrehjbzMAjFp5/VKPp5tTpWIV4JHHZK1/BxbFRtf/siA2SWTe09caDmVtYYzWEIbBS4zw==}
    engines: {node: '>= 0.4.0'}
    dependencies:
      function-bind: 1.1.1
    dev: true

  /inflight/1.0.6:
    resolution: {integrity: sha1-Sb1jMdfQLQwJvJEKEHW6gWW1bfk=}
    dependencies:
      once: 1.4.0
      wrappy: 1.0.2
    dev: true

  /inherits/2.0.4:
    resolution: {integrity: sha512-k/vGaX4/Yla3WzyMCvTQOXYeIHvqOKtnqBduzTHpzpQZzAskKMhZ2K+EnBiSM9zGSoIFeMpXKxa4dYeZIQqewQ==}
    dev: true

  /is-buffer/1.1.6:
    resolution: {integrity: sha512-NcdALwpXkTm5Zvvbk7owOUSvVvBKDgKP5/ewfXEznmQFfs4ZRmanOeKBTjRVjka3QFoN6XJ+9F3USqfHqTaU5w==}
    dev: true

  /is-expression/3.0.0:
    resolution: {integrity: sha1-Oayqa+f9HzRx3ELHQW5hwkMXrJ8=}
    dependencies:
      acorn: 4.0.13
      object-assign: 4.1.1
    dev: true

  /is-promise/2.1.0:
    resolution: {integrity: sha1-eaKp7OfwlugPNtKy87wWwf9L8/o=}
    dev: true

  /is-regex/1.0.4:
    resolution: {integrity: sha1-VRdIm1RwkbCTDglWVM7SXul+lJE=}
    engines: {node: '>= 0.4'}
    dependencies:
      has: 1.0.3
    dev: true

  /javascript-stringify/2.0.0:
    resolution: {integrity: sha512-zzK8+ByrzvOL6N92hRewwUKL0wN0TOaIuUjX0Jj8lraxWvr5wHYs2YTjaj2lstF+8qMv5cmPPef47va8NT8lDw==}
    dev: true

  /jest-worker/26.6.2:
    resolution: {integrity: sha512-KWYVV1c4i+jbMpaBC+U++4Va0cp8OisU185o73T1vo99hqi7w8tSJfUXYswwqqrjzwxa6KpRK54WhPvwf5w6PQ==}
    engines: {node: '>= 10.13.0'}
    dependencies:
      '@types/node': 8.10.53
      merge-stream: 2.0.0
      supports-color: 7.2.0
    dev: true

  /js-stringify/1.0.2:
    resolution: {integrity: sha1-Fzb939lyTyijaCrcYjCufk6Weds=}
    dev: true

  /js-tokens/4.0.0:
    resolution: {integrity: sha512-RdJUflcE3cUzKiMqQgsCu06FPu9UdIJO0beYbPhHN4k6apgJtifcoCtT9bcxOpYBtpD2kCM6Sbzg4CausW/PKQ==}
    dev: true

  /js-yaml/3.13.1:
    resolution: {integrity: sha512-YfbcO7jXDdyj0DGxYVSlSeQNHbD7XPWvrVWeVUujrQEoZzWJIRrCPoyk6kL6IAjAG2IolMK4T0hNUe0HOUs5Jw==}
    hasBin: true
    dependencies:
      argparse: 1.0.10
      esprima: 4.0.1
    dev: true

  /json-parse-better-errors/1.0.2:
    resolution: {integrity: sha512-mrqyZKfX5EhL7hvqcV6WG1yYjnjeuYDzDhhcAAUrq8Po85NBQBJP+ZDUT75qZQ98IkUoBqdkExkukOU7Ts2wrw==}
    dev: true

  /json-schema-traverse/0.4.1:
    resolution: {integrity: sha512-xbbCH5dCYU5T8LcEhhuh7HJ88HXuW3qsI3Y0zOZFKfZEHcpWiHU/Jxzk629Brsab/mMiHQti9wMP+845RPe3Vg==}
    dev: true

  /json5/1.0.1:
    resolution: {integrity: sha512-aKS4WQjPenRxiQsC93MNfjx+nbF4PAdYzmd/1JIj8HYzqfbu86beTuNgXDzPknWk0n0uARlyewZo4s++ES36Ow==}
    hasBin: true
    dependencies:
      minimist: 1.2.0
    dev: false

  /jstransformer/1.0.0:
    resolution: {integrity: sha1-7Yvwkh4vPx7U1cGkT2hwntJHIsM=}
    dependencies:
      is-promise: 2.1.0
      promise: 7.3.1
    dev: true

  /kind-of/3.2.2:
    resolution: {integrity: sha1-MeohpzS6ubuw8yRm2JOupR5KPGQ=}
    engines: {node: '>=0.10.0'}
    dependencies:
      is-buffer: 1.1.6
    dev: true

  /lazy-cache/1.0.4:
    resolution: {integrity: sha1-odePw6UEdMuAhF07O24dpJpEbo4=}
    engines: {node: '>=0.10.0'}
    dev: true

  /loader-runner/4.2.0:
    resolution: {integrity: sha512-92+huvxMvYlMzMt0iIOukcwYBFpkYJdpl2xsZ7LrlayO7E8SOv+JJUEK17B/dJIHAOLMfh2dZZ/Y18WgmGtYNw==}
    engines: {node: '>=6.11.5'}
    dev: true

  /loader-utils/1.2.3:
    resolution: {integrity: sha512-fkpz8ejdnEMG3s37wGL07iSBDg99O9D5yflE9RGNH3hRdx9SOwYfnGYdZOUIZitN8E+E2vkq3MUMYMvPYl5ZZA==}
    engines: {node: '>=4.0.0'}
    dependencies:
      big.js: 5.2.2
      emojis-list: 2.1.0
      json5: 1.0.1
    dev: false

  /lodash/4.17.15:
    resolution: {integrity: sha512-8xOcRHvCjnocdS5cpwXQXVzmmh5e5+saE2QGoeQmbKmRS6J3VQppPOIt0MnmE+4xlZoumy0GPG0D0MVIQbNA1A==}
    dev: true

  /longest/1.0.1:
    resolution: {integrity: sha1-MKCy2jj3N3DoKUoNIuZiXtd9AJc=}
    engines: {node: '>=0.10.0'}
    dev: true

  /merge-stream/2.0.0:
    resolution: {integrity: sha512-abv/qOcuPfk3URPfDzmZU1LKmuw8kT+0nIHvKrKgFrwifol/doWcdA4ZqsWQ8ENrFKkd67Mfpo/LovbIUsbt3w==}
    dev: true

  /mime-db/1.47.0:
    resolution: {integrity: sha512-QBmA/G2y+IfeS4oktet3qRZ+P5kPhCKRXxXnQEudYqUaEioAU1/Lq2us3D/t1Jfo4hE9REQPrbB7K5sOczJVIw==}
    engines: {node: '>= 0.6'}
    dev: true

  /mime-types/2.1.30:
    resolution: {integrity: sha512-crmjA4bLtR8m9qLpHvgxSChT+XoSlZi8J4n/aIdn3z92e/U47Z0V/yl+Wh9W046GgFVAmoNR/fmdbZYcSSIUeg==}
    engines: {node: '>= 0.6'}
    dependencies:
      mime-db: 1.47.0
    dev: true

  /minimatch/3.0.4:
    resolution: {integrity: sha512-yJHVQEhyqPLUTgt9B83PXu6W3rx4MvvHvSUvToogpwoGDOUQ+yDrR0HRot+yOCdCO7u4hX3pWft6kWBBcqh0UA==}
    dependencies:
      brace-expansion: 1.1.11
    dev: true

  /minimist/0.0.8:
    resolution: {integrity: sha1-hX/Kv8M5fSYluCKCYuhqp6ARsF0=}
    dev: true

  /minimist/1.2.0:
    resolution: {integrity: sha1-o1AIsg9BOD7sH7kU9M1d95omQoQ=}
    dev: false

  /mkdirp/0.5.1:
    resolution: {integrity: sha1-MAV0OOrGz3+MR2fzhkjWaX11yQM=}
    hasBin: true
    dependencies:
      minimist: 0.0.8
    dev: true

  /neo-async/2.6.2:
    resolution: {integrity: sha512-Yd3UES5mWCSqR+qNT93S3UoYUkqAZ9lLg8a7g9rimsWmYGK8cVToA4/sF3RrshdyV3sAGMXVUmpMYOw+dLpOuw==}
    dev: true

  /node-releases/1.1.72:
    resolution: {integrity: sha512-LLUo+PpH3dU6XizX3iVoubUNheF/owjXCZZ5yACDxNnPtgFuludV1ZL3ayK1kVep42Rmm0+R9/Y60NQbZ2bifw==}
    dev: true

  /object-assign/4.1.1:
    resolution: {integrity: sha1-IQmtx5ZYh8/AXLvUQsrIv7s2CGM=}
    engines: {node: '>=0.10.0'}
    dev: true

  /once/1.4.0:
    resolution: {integrity: sha1-WDsap3WWHUsROsF9nFC6753Xa9E=}
    dependencies:
      wrappy: 1.0.2
    dev: true

  /p-limit/3.1.0:
    resolution: {integrity: sha512-TYOanM3wGwNGsZN2cVTYPArw454xnXj5qmWF1bEoAc4+cU/ol7GVh7odevjp1FNHduHc3KZMcFduxU5Xc6uJRQ==}
    engines: {node: '>=10'}
    dependencies:
      yocto-queue: 0.1.0
    dev: true

  /path-is-absolute/1.0.1:
    resolution: {integrity: sha1-F0uSaHNVNP+8es5r9TpanhtcX18=}
    engines: {node: '>=0.10.0'}
    dev: true

  /path-parse/1.0.6:
    resolution: {integrity: sha512-GSmOT2EbHrINBf9SR7CDELwlJ8AENk3Qn7OikK4nFYAu3Ote2+JYNVvkpAEQm3/TLNEJFD/xZJjzyxg3KBWOzw==}

  /prettier/2.0.0:
    resolution: {integrity: sha512-vI55PC+GFLOVtpwr2di1mYhJF36v+kztJov8sx3AmqbfdA+2Dhozxb+3e1hTgoV9lyhnVJFF3Z8GCVeMBOS1bA==}
    engines: {node: '>=10.13.0'}
    hasBin: true
    dev: true

  /promise/7.3.1:
    resolution: {integrity: sha512-nolQXZ/4L+bP/UGlkfaIujX9BKxGwmQ9OT4mOt5yvy8iK1h3wqTEJCijzGANTCCl9nWjY41juyAn2K3Q1hLLTg==}
    dependencies:
      asap: 2.0.6
    dev: true

  /pug-attrs/2.0.4:
    resolution: {integrity: sha512-TaZ4Z2TWUPDJcV3wjU3RtUXMrd3kM4Wzjbe3EWnSsZPsJ3LDI0F3yCnf2/W7PPFF+edUFQ0HgDL1IoxSz5K8EQ==}
    dependencies:
      constantinople: 3.1.2
      js-stringify: 1.0.2
      pug-runtime: 2.0.5
    dev: true

  /pug-code-gen/2.0.2:
    resolution: {integrity: sha512-kROFWv/AHx/9CRgoGJeRSm+4mLWchbgpRzTEn8XCiwwOy6Vh0gAClS8Vh5TEJ9DBjaP8wCjS3J6HKsEsYdvaCw==}
    dependencies:
      constantinople: 3.1.2
      doctypes: 1.1.0
      js-stringify: 1.0.2
      pug-attrs: 2.0.4
      pug-error: 1.3.3
      pug-runtime: 2.0.5
      void-elements: 2.0.1
      with: 5.1.1
    dev: true

  /pug-error/1.3.3:
    resolution: {integrity: sha512-qE3YhESP2mRAWMFJgKdtT5D7ckThRScXRwkfo+Erqga7dyJdY3ZquspprMCj/9sJ2ijm5hXFWQE/A3l4poMWiQ==}
    dev: true

  /pug-filters/3.1.1:
    resolution: {integrity: sha512-lFfjNyGEyVWC4BwX0WyvkoWLapI5xHSM3xZJFUhx4JM4XyyRdO8Aucc6pCygnqV2uSgJFaJWW3Ft1wCWSoQkQg==}
    dependencies:
      clean-css: 4.2.1
      constantinople: 3.1.2
      jstransformer: 1.0.0
      pug-error: 1.3.3
      pug-walk: 1.1.8
      resolve: 1.12.0
      uglify-js: 2.8.29
    dev: true

  /pug-lexer/4.1.0:
    resolution: {integrity: sha512-i55yzEBtjm0mlplW4LoANq7k3S8gDdfC6+LThGEvsK4FuobcKfDAwt6V4jKPH9RtiE3a2Akfg5UpafZ1OksaPA==}
    dependencies:
      character-parser: 2.2.0
      is-expression: 3.0.0
      pug-error: 1.3.3
    dev: true

  /pug-linker/3.0.6:
    resolution: {integrity: sha512-bagfuHttfQOpANGy1Y6NJ+0mNb7dD2MswFG2ZKj22s8g0wVsojpRlqveEQHmgXXcfROB2RT6oqbPYr9EN2ZWzg==}
    dependencies:
      pug-error: 1.3.3
      pug-walk: 1.1.8
    dev: true

  /pug-load/2.0.12:
    resolution: {integrity: sha512-UqpgGpyyXRYgJs/X60sE6SIf8UBsmcHYKNaOccyVLEuT6OPBIMo6xMPhoJnqtB3Q3BbO4Z3Bjz5qDsUWh4rXsg==}
    dependencies:
      object-assign: 4.1.1
      pug-walk: 1.1.8
    dev: true

  /pug-loader/2.4.0_pug@2.0.4:
    resolution: {integrity: sha512-cD4bU2wmkZ1EEVyu0IfKOsh1F26KPva5oglO1Doc3knx8VpBIXmFHw16k9sITYIjQMCnRv1vb4vfQgy7VdR6eg==}
    peerDependencies:
      pug: ^2.0.0
    dependencies:
      loader-utils: 1.2.3
      pug: 2.0.4
      pug-walk: 1.1.8
      resolve: 1.12.0
    dev: false

  /pug-parser/5.0.1:
    resolution: {integrity: sha512-nGHqK+w07p5/PsPIyzkTQfzlYfuqoiGjaoqHv1LjOv2ZLXmGX1O+4Vcvps+P4LhxZ3drYSljjq4b+Naid126wA==}
    dependencies:
      pug-error: 1.3.3
      token-stream: 0.0.1
    dev: true

  /pug-plain-loader/1.0.0_pug@2.0.4:
    resolution: {integrity: sha512-mDfq/qvJJ0xdug38mZ1ObW0BQTx9kAHnKqotXC+C00XQkKmsWaMe90JUg/kN4lS6MU7tpVsMZ+rmcnBSPfDtHA==}
    peerDependencies:
      pug: ^2.0.0
    dependencies:
      loader-utils: 1.2.3
      pug: 2.0.4
    dev: false

  /pug-runtime/2.0.5:
    resolution: {integrity: sha512-P+rXKn9un4fQY77wtpcuFyvFaBww7/91f3jHa154qU26qFAnOe6SW1CbIDcxiG5lLK9HazYrMCCuDvNgDQNptw==}
    dev: true

  /pug-strip-comments/1.0.4:
    resolution: {integrity: sha512-i5j/9CS4yFhSxHp5iKPHwigaig/VV9g+FgReLJWWHEHbvKsbqL0oP/K5ubuLco6Wu3Kan5p7u7qk8A4oLLh6vw==}
    dependencies:
      pug-error: 1.3.3
    dev: true

  /pug-walk/1.1.8:
    resolution: {integrity: sha512-GMu3M5nUL3fju4/egXwZO0XLi6fW/K3T3VTgFQ14GxNi8btlxgT5qZL//JwZFm/2Fa64J/PNS8AZeys3wiMkVA==}

  /pug/2.0.4:
    resolution: {integrity: sha512-XhoaDlvi6NIzL49nu094R2NA6P37ijtgMDuWE+ofekDChvfKnzFal60bhSdiy8y2PBO6fmz3oMEIcfpBVRUdvw==}
    dependencies:
      pug-code-gen: 2.0.2
      pug-filters: 3.1.1
      pug-lexer: 4.1.0
      pug-linker: 3.0.6
      pug-load: 2.0.12
      pug-parser: 5.0.1
      pug-runtime: 2.0.5
      pug-strip-comments: 1.0.4
    dev: true

  /punycode/2.1.1:
    resolution: {integrity: sha512-XRsRjdf+j5ml+y/6GKHPZbrF/8p2Yga0JPtdqTIY2Xe5ohJPD9saDJJLPvp9+NSBprVvevdXZybnj2cv8OEd0A==}
    engines: {node: '>=6'}
    dev: true

  /randombytes/2.1.0:
    resolution: {integrity: sha512-vYl3iOX+4CKUWuxGi9Ukhie6fsqXqS9FE2Zaic4tNFD2N2QQaXOMFbuKK4QmDHC0JO6B1Zp41J0LpT0oR68amQ==}
    dependencies:
      safe-buffer: 5.2.1
    dev: true

  /regenerator-runtime/0.11.1:
    resolution: {integrity: sha512-MguG95oij0fC3QV3URf4V2SDYGJhJnJGqvIIgdECeODCT98wSWDAJ94SSuVpYQUoTcGUIL6L4yNB7j1DFFHSBg==}
    dev: true

  /repeat-string/1.6.1:
    resolution: {integrity: sha1-jcrkcOHIirwtYA//Sndihtp15jc=}
    engines: {node: '>=0.10'}
    dev: true

  /resolve/1.12.0:
    resolution: {integrity: sha512-B/dOmuoAik5bKcD6s6nXDCjzUKnaDvdkRyAk6rsmsKLipWj4797iothd7jmmUhWTfinVMU+wc56rYKsit2Qy4w==}
    dependencies:
      path-parse: 1.0.6

  /resolve/1.15.1:
    resolution: {integrity: sha512-84oo6ZTtoTUpjgNEr5SJyzQhzL72gaRodsSfyxC/AXRvwu0Yse9H8eF9IpGo7b8YetZhlI6v7ZQ6bKBFV/6S7w==}
    dependencies:
      path-parse: 1.0.6
    dev: true

  /right-align/0.1.3:
    resolution: {integrity: sha1-YTObci/mo1FWiSENJOFMlhSGE+8=}
    engines: {node: '>=0.10.0'}
    dependencies:
      align-text: 0.1.4
    dev: true

  /rimraf/3.0.0:
    resolution: {integrity: sha512-NDGVxTsjqfunkds7CqsOiEnxln4Bo7Nddl3XhS4pXg5OzwkLqJ971ZVAAnB+DDLnF76N+VnDEiBHaVV8I06SUg==}
    hasBin: true
    dependencies:
      glob: 7.1.4
    dev: true

  /safe-buffer/5.2.1:
    resolution: {integrity: sha512-rp3So07KcdmmKbGvgaNxQSJr7bGVSVk5S9Eq1F+ppbRo70+YeaDxkw5Dd8NPN+GD6bjnYm2VuPuCXmpuYvmCXQ==}
    dev: true

  /schema-utils/3.0.0:
    resolution: {integrity: sha512-6D82/xSzO094ajanoOSbe4YvXWMfn2A//8Y1+MUqFAJul5Bs+yn36xbK9OtNDcRVSBJ9jjeoXftM6CfztsjOAA==}
    engines: {node: '>= 10.13.0'}
    dependencies:
      '@types/json-schema': 7.0.7
      ajv: 6.12.6
      ajv-keywords: 3.5.2_ajv@6.12.6
    dev: true

  /semver/5.7.1:
    resolution: {integrity: sha512-sauaDf/PZdVgrLTNYHRtpXa1iRiKcaebiKQ1BJdpQlWH2lCvexQdX55snPFyK7QzpudqbCI0qXFfOasHdyNDGQ==}
    hasBin: true
    dev: true

  /serialize-javascript/5.0.1:
    resolution: {integrity: sha512-SaaNal9imEO737H2c05Og0/8LUXG7EnsZyMa8MzkmuHoELfT6txuj0cMqRj6zfPKnmQ1yasR4PCJc8x+M4JSPA==}
    dependencies:
      randombytes: 2.1.0
    dev: true

  /source-list-map/2.0.1:
    resolution: {integrity: sha512-qnQ7gVMxGNxsiL4lEuJwe/To8UnK7fAnmbGEEH8RpLouuKbeEm0lhbQVFIrNSuB+G7tVrAlVsZgETT5nljf+Iw==}
    dev: true

  /source-map-support/0.5.19:
    resolution: {integrity: sha512-Wonm7zOCIJzBGQdB+thsPar0kYuCIzYvxZwlBa87yi/Mdjv7Tip2cyVbLj5o0cFPN4EVkuTwb3GDDyUx2DGnGw==}
    dependencies:
      buffer-from: 1.1.1
      source-map: 0.6.1
    dev: true

  /source-map/0.5.7:
    resolution: {integrity: sha1-igOdLRAh0i0eoUyA2OpGi6LvP8w=}
    engines: {node: '>=0.10.0'}
    dev: true

  /source-map/0.6.1:
    resolution: {integrity: sha512-UjgapumWlbMhkBgzT7Ykc5YXUT46F0iKu8SGXq0bcwP5dz/h0Plj6enJqjz1Zbq2l5WaqYnrVbwWOWMyF3F47g==}
    engines: {node: '>=0.10.0'}
    dev: true

  /source-map/0.7.3:
    resolution: {integrity: sha512-CkCj6giN3S+n9qrYiBTX5gystlENnRW5jZeNLHpe6aue+SrHcG5VYwujhW9s4dY31mEGsxBDrHR6oI69fTXsaQ==}
    engines: {node: '>= 8'}
    dev: true

  /sprintf-js/1.0.3:
    resolution: {integrity: sha1-BOaSb2YolTVPPdAVIDYzuFcpfiw=}
    dev: true

  /supports-color/5.5.0:
    resolution: {integrity: sha512-QjVjwdXIt408MIiAqCX4oUKsgU2EqAGzs2Ppkm4aQYbjm+ZEWEcW4SfFNTr4uMNZma0ey4f5lgLrkB0aX0QMow==}
    engines: {node: '>=4'}
    dependencies:
      has-flag: 3.0.0
    dev: true

  /supports-color/7.2.0:
    resolution: {integrity: sha512-qpCAvRl9stuOHveKsn7HncJRvv501qIacKzQlO/+Lwxc9+0q2wLyv4Dfvt80/DPn2pqOBsJdDiogXGR9+OvwRw==}
    engines: {node: '>=8'}
    dependencies:
      has-flag: 4.0.0
    dev: true

  /tapable/2.2.0:
    resolution: {integrity: sha512-FBk4IesMV1rBxX2tfiK8RAmogtWn53puLOQlvO8XuwlgxcYbP4mVPS9Ph4aeamSyyVjOl24aYWAuc8U5kCVwMw==}
    engines: {node: '>=6'}
    dev: true

  /terser-webpack-plugin/5.1.2_webpack@5.37.0:
    resolution: {integrity: sha512-6QhDaAiVHIQr5Ab3XUWZyDmrIPCHMiqJVljMF91YKyqwKkL5QHnYMkrMBy96v9Z7ev1hGhSEw1HQZc2p/s5Z8Q==}
    engines: {node: '>= 10.13.0'}
    peerDependencies:
      webpack: ^5.1.0
    dependencies:
      jest-worker: 26.6.2
      p-limit: 3.1.0
      schema-utils: 3.0.0
      serialize-javascript: 5.0.1
      source-map: 0.6.1
      terser: 5.7.0
      webpack: 5.37.0
    dev: true

  /terser/5.7.0:
    resolution: {integrity: sha512-HP5/9hp2UaZt5fYkuhNBR8YyRcT8juw8+uFbAme53iN9hblvKnLUTKkmwJG6ocWpIKf8UK4DoeWG4ty0J6S6/g==}
    engines: {node: '>=10'}
    hasBin: true
    dependencies:
      commander: 2.20.3
      source-map: 0.7.3
      source-map-support: 0.5.19
    dev: true

  /to-fast-properties/1.0.3:
    resolution: {integrity: sha1-uDVx+k2MJbguIxsG46MFXeTKGkc=}
    engines: {node: '>=0.10.0'}
    dev: true

  /token-stream/0.0.1:
    resolution: {integrity: sha1-zu78cXp2xDFvEm0LnbqlXX598Bo=}
    dev: true

  /tsconfig-gluons/1.0.1_typescript@3.6.2:
    resolution: {integrity: sha512-M4VKQdyFhwMIBy/e0hrkiVfpa/Q0+k6xXa7/9+7BrBDQ54e8OKhRA5WV6ELbtaLCBjFM5lJewAs5EpoS5RysSg==}
    peerDependencies:
      typescript: '>=3.2'
    dependencies:
      typescript: 3.6.2
    dev: true

  /tslib/1.11.1:
    resolution: {integrity: sha512-aZW88SY8kQbU7gpV19lN24LtXh/yD4ZZg6qieAJDDg+YBsJcSmLGK9QpnUjAKVG/xefmvJGd1WUmfpT/g6AJGA==}
    dev: true

  /tslint-config-gluons/2.1.0_tslint@6.1.0:
    resolution: {integrity: sha512-LgpXNgcrI/tiGaTw0ztVX4mX6Eut+9u+JMIouN3a4rf8td3BTOaaHwUSzMye2ayO0OZz5HstWE16zMNYTJVamw==}
    peerDependencies:
      tslint: ^5.3.2
    dependencies:
      tslint: 6.1.0_typescript@3.6.2
    dev: true

  /tslint/6.1.0_typescript@3.6.2:
    resolution: {integrity: sha512-fXjYd/61vU6da04E505OZQGb2VCN2Mq3doeWcOIryuG+eqdmFUXTYVwdhnbEu2k46LNLgUYt9bI5icQze/j0bQ==}
    engines: {node: '>=4.8.0'}
    hasBin: true
    peerDependencies:
      typescript: '>=2.3.0-dev || >=2.4.0-dev || >=2.5.0-dev || >=2.6.0-dev || >=2.7.0-dev || >=2.8.0-dev || >=2.9.0-dev || >=3.0.0-dev || >= 3.1.0-dev || >= 3.2.0-dev'
    dependencies:
      '@babel/code-frame': 7.8.3
      builtin-modules: 1.1.1
      chalk: 2.4.2
      commander: 2.20.3
      diff: 4.0.2
      glob: 7.1.6
      js-yaml: 3.13.1
      minimatch: 3.0.4
      mkdirp: 0.5.1
      resolve: 1.15.1
      semver: 5.7.1
      tslib: 1.11.1
      tsutils: 2.29.0_typescript@3.6.2
      typescript: 3.6.2
    dev: true

  /tsutils/2.29.0_typescript@3.6.2:
    resolution: {integrity: sha512-g5JVHCIJwzfISaXpXE1qvNalca5Jwob6FjI4AoPlqMusJ6ftFE7IkkFoMhVLRgK+4Kx3gkzb8UZK5t5yTTvEmA==}
    peerDependencies:
      typescript: '>=2.1.0 || >=2.1.0-dev || >=2.2.0-dev || >=2.3.0-dev || >=2.4.0-dev || >=2.5.0-dev || >=2.6.0-dev || >=2.7.0-dev || >=2.8.0-dev || >=2.9.0-dev || >= 3.0.0-dev || >= 3.1.0-dev'
    dependencies:
      tslib: 1.11.1
      typescript: 3.6.2
    dev: true

  /typescript/3.6.2:
    resolution: {integrity: sha512-lmQ4L+J6mnu3xweP8+rOrUwzmN+MRAj7TgtJtDaXE5PMyX2kCrklhg3rvOsOIfNeAWMQWO2F1GPc1kMD2vLAfw==}
    engines: {node: '>=4.2.0'}
    hasBin: true
    dev: true

  /uglify-js/2.8.29:
    resolution: {integrity: sha1-KcVzMUgFe7Th913zW3qcty5qWd0=}
    engines: {node: '>=0.8.0'}
    hasBin: true
    dependencies:
      source-map: 0.5.7
      yargs: 3.10.0
    optionalDependencies:
      uglify-to-browserify: 1.0.2
    dev: true

  /uglify-to-browserify/1.0.2:
    resolution: {integrity: sha1-bgkk1r2mta/jSeOabWMoUKD4grc=}
    dev: true
    optional: true

  /uri-js/4.4.1:
    resolution: {integrity: sha512-7rKUyy33Q1yc98pQ1DAmLtwX109F7TIfWlW1Ydo8Wl1ii1SeHieeh0HHfPeL2fMXK6z0s8ecKs9frCuLJvndBg==}
    dependencies:
      punycode: 2.1.1
    dev: true

  /void-elements/2.0.1:
    resolution: {integrity: sha1-wGavtYK7HLQSjWDqkjkulNXp2+w=}
    engines: {node: '>=0.10.0'}
    dev: true

  /watchpack/2.1.1:
    resolution: {integrity: sha512-Oo7LXCmc1eE1AjyuSBmtC3+Wy4HcV8PxWh2kP6fOl8yTlNS7r0K9l1ao2lrrUza7V39Y3D/BbJgY8VeSlc5JKw==}
    engines: {node: '>=10.13.0'}
    dependencies:
      glob-to-regexp: 0.4.1
      graceful-fs: 4.2.6
    dev: true

  /webpack-chain/6.0.0:
    resolution: {integrity: sha512-NK62XgJOOSmYs4kaXFIKKeClpuOVHY7m6e4XwxbVX/2HAUboH6xFCTVXMVv8+jB6K8o/UGjlo1Cv3XXOyNAAGw==}
    dependencies:
      deepmerge: 1.5.2
      javascript-stringify: 2.0.0
    dev: true

  /webpack-sources/2.2.0:
    resolution: {integrity: sha512-bQsA24JLwcnWGArOKUxYKhX3Mz/nK1Xf6hxullKERyktjNMC4x8koOeaDNTA2fEJ09BdWLbM/iTW0ithREUP0w==}
    engines: {node: '>=10.13.0'}
    dependencies:
      source-list-map: 2.0.1
      source-map: 0.6.1
    dev: true

  /webpack/5.37.0:
    resolution: {integrity: sha512-yvdhgcI6QkQkDe1hINBAJ1UNevqNGTVaCkD2SSJcB8rcrNNl922RI8i2DXUAuNfANoxwsiXXEA4ZPZI9q2oGLA==}
    engines: {node: '>=10.13.0'}
    hasBin: true
    peerDependencies:
      webpack-cli: '*'
    peerDependenciesMeta:
      webpack-cli:
        optional: true
    dependencies:
      '@types/eslint-scope': 3.7.0
      '@types/estree': 0.0.47
      '@webassemblyjs/ast': 1.11.0
      '@webassemblyjs/wasm-edit': 1.11.0
      '@webassemblyjs/wasm-parser': 1.11.0
      acorn: 8.2.4
      browserslist: 4.16.6
      chrome-trace-event: 1.0.3
      enhanced-resolve: 5.8.2
      es-module-lexer: 0.4.1
      eslint-scope: 5.1.1
      events: 3.3.0
      glob-to-regexp: 0.4.1
      graceful-fs: 4.2.6
      json-parse-better-errors: 1.0.2
      loader-runner: 4.2.0
      mime-types: 2.1.30
      neo-async: 2.6.2
      schema-utils: 3.0.0
      tapable: 2.2.0
      terser-webpack-plugin: 5.1.2_webpack@5.37.0
      watchpack: 2.1.1
      webpack-sources: 2.2.0
    dev: true

  /window-size/0.1.0:
    resolution: {integrity: sha1-VDjNLqk7IC76Ohn+iIeu58lPnJ0=}
    engines: {node: '>= 0.8.0'}
    dev: true

  /with/5.1.1:
    resolution: {integrity: sha1-+k2qktrzLE6pTtRTyB8EaGtXXf4=}
    dependencies:
      acorn: 3.3.0
      acorn-globals: 3.1.0
    dev: true

  /wordwrap/0.0.2:
    resolution: {integrity: sha1-t5Zpu0LstAn4PVg8rVLKF+qhZD8=}
    engines: {node: '>=0.4.0'}
    dev: true

  /wrappy/1.0.2:
    resolution: {integrity: sha1-tSQ9jz7BqjXxNkYFvA0QNuMKtp8=}
    dev: true

  /yargs/3.10.0:
    resolution: {integrity: sha1-9+572FfdfB0tOMDnTvvWgdFDH9E=}
    dependencies:
      camelcase: 1.2.1
      cliui: 2.1.0
      decamelize: 1.2.0
      window-size: 0.1.0
    dev: true

  /yocto-queue/0.1.0:
    resolution: {integrity: sha512-rVksvsnNCdJ/ohGc6xgPwyN8eheCxsiLM8mxuE/t/mOVqJewPuO1miLpTHQiRgTKCLexL4MeAFVagts7HmNZ2Q==}
    engines: {node: '>=10'}
    dev: true
